
Microsoft Visual Studio Solution File, Format Version 12.00
# Visual Studio Version 17
VisualStudioVersion = 17.11.35327.3
MinimumVisualStudioVersion = 10.0.40219.1
Project("{2150E333-8FDC-42A3-9474-1A3956D46DE8}") = "Task0", "Task0", "{0D4DD8A2-22A8-433A-9C3F-FCD258A791B8}"
EndProject
Project("{9A19103F-16F7-4668-BE54-9A1E7A4F7556}") = "Tyuiu.BabaiKV.Sprint6.Task0.V29.Lib", "Tyuiu.BabaiKV.Sprint6.Task0.V29.Lib\Tyuiu.BabaiKV.Sprint6.Task0.V29.Lib.csproj", "{5B3580E6-8304-43B2-AE5E-B138177F2753}"
EndProject
Project("{9A19103F-16F7-4668-BE54-9A1E7A4F7556}") = "Tyuiu.BabaiKV.Sprint6.Task0.V29.Test", "Tyuiu.BabaiKV.Sprint6.Task0.V29.Test\Tyuiu.BabaiKV.Sprint6.Task0.V29.Test.csproj", "{D7EA7219-D13E-414C-B394-7CC7EAE8CCB9}"
EndProject
Project("{9A19103F-16F7-4668-BE54-9A1E7A4F7556}") = "Tyuiu.BabaiKV.Sprint6.Task0.V29", "Tyuiu.BabaiKV.Sprint6.Task0.V29\Tyuiu.BabaiKV.Sprint6.Task0.V29.csproj", "{C22BBDC8-F822-4C51-98FE-C8CE7A544A0A}"
EndProject
Project("{2150E333-8FDC-42A3-9474-1A3956D46DE8}") = "Task1", "Task1", "{0A2BF799-8AF9-453C-BA98-AAF10E300528}"
EndProject
Project("{9A19103F-16F7-4668-BE54-9A1E7A4F7556}") = "Tyuiu.BabaiKV.Sprint6.Task1.V20.Lib", "Tyuiu.BabaiKV.Sprint6.Task1.V20.Lib\Tyuiu.BabaiKV.Sprint6.Task1.V20.Lib.csproj", "{05C003BC-7E4B-44FE-B6B2-C755F9F7F63C}"
EndProject
Project("{9A19103F-16F7-4668-BE54-9A1E7A4F7556}") = "Tyuiu.BabaiKV.Sprint6.Task1.V20.Test", "Tyuiu.BabaiKV.Sprint6.Task1.V20.Test\Tyuiu.BabaiKV.Sprint6.Task1.V20.Test.csproj", "{7530DEB9-74D2-44DD-994A-979D9BC9A11F}"
EndProject
Project("{9A19103F-16F7-4668-BE54-9A1E7A4F7556}") = "Tyuiu.BabaiKV.Sprint6.Task1.V20", "Tyuiu.BabaiKV.Sprint6.Task1.V20\Tyuiu.BabaiKV.Sprint6.Task1.V20.csproj", "{50B7D15A-6896-4D96-96E9-09D0421FA58D}"
EndProject
Project("{2150E333-8FDC-42A3-9474-1A3956D46DE8}") = "Task2", "Task2", "{E5A16485-61BA-4575-8DE4-4CDDE31E1CD9}"
EndProject
Project("{9A19103F-16F7-4668-BE54-9A1E7A4F7556}") = "Tyuiu.BabaiKV.Sprint6.Task2.V13.Lib", "Tyuiu.BabaiKV.Sprint6.Task2.V13.Lib\Tyuiu.BabaiKV.Sprint6.Task2.V13.Lib.csproj", "{7F34DE13-DB22-407C-B419-CBE2DEA625D3}"
EndProject
Project("{9A19103F-16F7-4668-BE54-9A1E7A4F7556}") = "Tyuiu.BabaiKV.Sprint6.Task2.V13.Test", "Tyuiu.BabaiKV.Sprint6.Task2.V13.Test\Tyuiu.BabaiKV.Sprint6.Task2.V13.Test.csproj", "{F8547AB5-F9E3-4427-B96D-DE94E0C5C6E5}"
EndProject
Project("{9A19103F-16F7-4668-BE54-9A1E7A4F7556}") = "Tyuiu.BabaiKV.Sprint6.Task2.V13", "Tyuiu.BabaiKV.Sprint6.Task2.V13\Tyuiu.BabaiKV.Sprint6.Task2.V13.csproj", "{8035AE47-8485-4B1A-A31C-057483A2385F}"
EndProject
Project("{2150E333-8FDC-42A3-9474-1A3956D46DE8}") = "Task3", "Task3", "{2861BB67-91D3-4C8F-9A50-B0F8CC5CAC92}"
EndProject
Project("{FAE04EC0-301F-11D3-BF4B-00C04F79EFBC}") = "Tyuiu.BabaiKV.Sprint6.Task3.V20.Lib", "Tyuiu.BabaiKV.Sprint6.Task3.V20.Lib\Tyuiu.BabaiKV.Sprint6.Task3.V20.Lib.csproj", "{C2F748C1-8AA1-46E4-92FC-D6B7F06FDBC6}"
EndProject
Project("{FAE04EC0-301F-11D3-BF4B-00C04F79EFBC}") = "Tyuiu.BabaiKV.Sprint6.Task3.V20", "Tyuiu.BabaiKV.Sprint6.Task3.V20\Tyuiu.BabaiKV.Sprint6.Task3.V20.csproj", "{90DE686E-2F42-4353-BF44-6C7CD822F0C6}"
EndProject
Project("{FAE04EC0-301F-11D3-BF4B-00C04F79EFBC}") = "Tyuiu.BabaiKV.Sprint6.Task3.V20.Test", "Tyuiu.BabaiKV.Sprint6.Task3.V20.Test\Tyuiu.BabaiKV.Sprint6.Task3.V20.Test.csproj", "{B51965E6-113E-4165-A642-E9888AFF0037}"
EndProject
Global
	GlobalSection(SolutionConfigurationPlatforms) = preSolution
		Debug|Any CPU = Debug|Any CPU
		Release|Any CPU = Release|Any CPU
	EndGlobalSection
	GlobalSection(ProjectConfigurationPlatforms) = postSolution
		{5B3580E6-8304-43B2-AE5E-B138177F2753}.Debug|Any CPU.ActiveCfg = Debug|Any CPU
		{5B3580E6-8304-43B2-AE5E-B138177F2753}.Debug|Any CPU.Build.0 = Debug|Any CPU
		{5B3580E6-8304-43B2-AE5E-B138177F2753}.Release|Any CPU.ActiveCfg = Release|Any CPU
		{5B3580E6-8304-43B2-AE5E-B138177F2753}.Release|Any CPU.Build.0 = Release|Any CPU
		{D7EA7219-D13E-414C-B394-7CC7EAE8CCB9}.Debug|Any CPU.ActiveCfg = Debug|Any CPU
		{D7EA7219-D13E-414C-B394-7CC7EAE8CCB9}.Debug|Any CPU.Build.0 = Debug|Any CPU
		{D7EA7219-D13E-414C-B394-7CC7EAE8CCB9}.Release|Any CPU.ActiveCfg = Release|Any CPU
		{D7EA7219-D13E-414C-B394-7CC7EAE8CCB9}.Release|Any CPU.Build.0 = Release|Any CPU
		{C22BBDC8-F822-4C51-98FE-C8CE7A544A0A}.Debug|Any CPU.ActiveCfg = Debug|Any CPU
		{C22BBDC8-F822-4C51-98FE-C8CE7A544A0A}.Debug|Any CPU.Build.0 = Debug|Any CPU
		{C22BBDC8-F822-4C51-98FE-C8CE7A544A0A}.Release|Any CPU.ActiveCfg = Release|Any CPU
		{C22BBDC8-F822-4C51-98FE-C8CE7A544A0A}.Release|Any CPU.Build.0 = Release|Any CPU
		{05C003BC-7E4B-44FE-B6B2-C755F9F7F63C}.Debug|Any CPU.ActiveCfg = Debug|Any CPU
		{05C003BC-7E4B-44FE-B6B2-C755F9F7F63C}.Debug|Any CPU.Build.0 = Debug|Any CPU
		{05C003BC-7E4B-44FE-B6B2-C755F9F7F63C}.Release|Any CPU.ActiveCfg = Release|Any CPU
		{05C003BC-7E4B-44FE-B6B2-C755F9F7F63C}.Release|Any CPU.Build.0 = Release|Any CPU
		{7530DEB9-74D2-44DD-994A-979D9BC9A11F}.Debug|Any CPU.ActiveCfg = Debug|Any CPU
		{7530DEB9-74D2-44DD-994A-979D9BC9A11F}.Debug|Any CPU.Build.0 = Debug|Any CPU
		{7530DEB9-74D2-44DD-994A-979D9BC9A11F}.Release|Any CPU.ActiveCfg = Release|Any CPU
		{7530DEB9-74D2-44DD-994A-979D9BC9A11F}.Release|Any CPU.Build.0 = Release|Any CPU
		{50B7D15A-6896-4D96-96E9-09D0421FA58D}.Debug|Any CPU.ActiveCfg = Debug|Any CPU
		{50B7D15A-6896-4D96-96E9-09D0421FA58D}.Debug|Any CPU.Build.0 = Debug|Any CPU
		{50B7D15A-6896-4D96-96E9-09D0421FA58D}.Release|Any CPU.ActiveCfg = Release|Any CPU
		{50B7D15A-6896-4D96-96E9-09D0421FA58D}.Release|Any CPU.Build.0 = Release|Any CPU
		{7F34DE13-DB22-407C-B419-CBE2DEA625D3}.Debug|Any CPU.ActiveCfg = Debug|Any CPU
		{7F34DE13-DB22-407C-B419-CBE2DEA625D3}.Debug|Any CPU.Build.0 = Debug|Any CPU
		{7F34DE13-DB22-407C-B419-CBE2DEA625D3}.Release|Any CPU.ActiveCfg = Release|Any CPU
		{7F34DE13-DB22-407C-B419-CBE2DEA625D3}.Release|Any CPU.Build.0 = Release|Any CPU
		{F8547AB5-F9E3-4427-B96D-DE94E0C5C6E5}.Debug|Any CPU.ActiveCfg = Debug|Any CPU
		{F8547AB5-F9E3-4427-B96D-DE94E0C5C6E5}.Debug|Any CPU.Build.0 = Debug|Any CPU
		{F8547AB5-F9E3-4427-B96D-DE94E0C5C6E5}.Release|Any CPU.ActiveCfg = Release|Any CPU
		{F8547AB5-F9E3-4427-B96D-DE94E0C5C6E5}.Release|Any CPU.Build.0 = Release|Any CPU
		{8035AE47-8485-4B1A-A31C-057483A2385F}.Debug|Any CPU.ActiveCfg = Debug|Any CPU
		{8035AE47-8485-4B1A-A31C-057483A2385F}.Debug|Any CPU.Build.0 = Debug|Any CPU
		{8035AE47-8485-4B1A-A31C-057483A2385F}.Release|Any CPU.ActiveCfg = Release|Any CPU
		{8035AE47-8485-4B1A-A31C-057483A2385F}.Release|Any CPU.Build.0 = Release|Any CPU
		{C2F748C1-8AA1-46E4-92FC-D6B7F06FDBC6}.Debug|Any CPU.ActiveCfg = Debug|Any CPU
		{C2F748C1-8AA1-46E4-92FC-D6B7F06FDBC6}.Debug|Any CPU.Build.0 = Debug|Any CPU
		{C2F748C1-8AA1-46E4-92FC-D6B7F06FDBC6}.Release|Any CPU.ActiveCfg = Release|Any CPU
		{C2F748C1-8AA1-46E4-92FC-D6B7F06FDBC6}.Release|Any CPU.Build.0 = Release|Any CPU
		{90DE686E-2F42-4353-BF44-6C7CD822F0C6}.Debug|Any CPU.ActiveCfg = Debug|Any CPU
		{90DE686E-2F42-4353-BF44-6C7CD822F0C6}.Debug|Any CPU.Build.0 = Debug|Any CPU
		{90DE686E-2F42-4353-BF44-6C7CD822F0C6}.Release|Any CPU.ActiveCfg = Release|Any CPU
		{90DE686E-2F42-4353-BF44-6C7CD822F0C6}.Release|Any CPU.Build.0 = Release|Any CPU
		{B51965E6-113E-4165-A642-E9888AFF0037}.Debug|Any CPU.ActiveCfg = Debug|Any CPU
		{B51965E6-113E-4165-A642-E9888AFF0037}.Debug|Any CPU.Build.0 = Debug|Any CPU
		{B51965E6-113E-4165-A642-E9888AFF0037}.Release|Any CPU.ActiveCfg = Release|Any CPU
		{B51965E6-113E-4165-A642-E9888AFF0037}.Release|Any CPU.Build.0 = Release|Any CPU
	EndGlobalSection
	GlobalSection(SolutionProperties) = preSolution
		HideSolutionNode = FALSE
	EndGlobalSection
	GlobalSection(NestedProjects) = preSolution
		{5B3580E6-8304-43B2-AE5E-B138177F2753} = {0D4DD8A2-22A8-433A-9C3F-FCD258A791B8}
		{D7EA7219-D13E-414C-B394-7CC7EAE8CCB9} = {0D4DD8A2-22A8-433A-9C3F-FCD258A791B8}
		{C22BBDC8-F822-4C51-98FE-C8CE7A544A0A} = {0D4DD8A2-22A8-433A-9C3F-FCD258A791B8}
		{05C003BC-7E4B-44FE-B6B2-C755F9F7F63C} = {0A2BF799-8AF9-453C-BA98-AAF10E300528}
		{7530DEB9-74D2-44DD-994A-979D9BC9A11F} = {0A2BF799-8AF9-453C-BA98-AAF10E300528}
		{50B7D15A-6896-4D96-96E9-09D0421FA58D} = {0A2BF799-8AF9-453C-BA98-AAF10E300528}
		{7F34DE13-DB22-407C-B419-CBE2DEA625D3} = {E5A16485-61BA-4575-8DE4-4CDDE31E1CD9}
		{F8547AB5-F9E3-4427-B96D-DE94E0C5C6E5} = {E5A16485-61BA-4575-8DE4-4CDDE31E1CD9}
		{8035AE47-8485-4B1A-A31C-057483A2385F} = {E5A16485-61BA-4575-8DE4-4CDDE31E1CD9}
		{C2F748C1-8AA1-46E4-92FC-D6B7F06FDBC6} = {2861BB67-91D3-4C8F-9A50-B0F8CC5CAC92}
		{90DE686E-2F42-4353-BF44-6C7CD822F0C6} = {2861BB67-91D3-4C8F-9A50-B0F8CC5CAC92}
		{B51965E6-113E-4165-A642-E9888AFF0037} = {2861BB67-91D3-4C8F-9A50-B0F8CC5CAC92}
	EndGlobalSection
	GlobalSection(ExtensibilityGlobals) = postSolution
		SolutionGuid = {22F53D89-A98A-431D-88A0-D5AB2105E419}
	EndGlobalSection
EndGlobal
