
Microsoft Visual Studio Solution File, Format Version 12.00
# Visual Studio Version 17
VisualStudioVersion = 17.11.35327.3
MinimumVisualStudioVersion = 10.0.40219.1
Project("{2150E333-8FDC-42A3-9474-1A3956D46DE8}") = "Task0", "Task0", "{0D4DD8A2-22A8-433A-9C3F-FCD258A791B8}"
EndProject
Project("{9A19103F-16F7-4668-BE54-9A1E7A4F7556}") = "Tyuiu.BabaiKV.Sprint6.Task0.V29.Lib", "Tyuiu.BabaiKV.Sprint6.Task0.V29.Lib\Tyuiu.BabaiKV.Sprint6.Task0.V29.Lib.csproj", "{5B3580E6-8304-43B2-AE5E-B138177F2753}"
EndProject
Project("{9A19103F-16F7-4668-BE54-9A1E7A4F7556}") = "Tyuiu.BabaiKV.Sprint6.Task0.V29.Test", "Tyuiu.BabaiKV.Sprint6.Task0.V29.Test\Tyuiu.BabaiKV.Sprint6.Task0.V29.Test.csproj", "{D7EA7219-D13E-414C-B394-7CC7EAE8CCB9}"
EndProject
Project("{9A19103F-16F7-4668-BE54-9A1E7A4F7556}") = "Tyuiu.BabaiKV.Sprint6.Task0.V29", "Tyuiu.BabaiKV.Sprint6.Task0.V29\Tyuiu.BabaiKV.Sprint6.Task0.V29.csproj", "{C22BBDC8-F822-4C51-98FE-C8CE7A544A0A}"
EndProject
Project("{2150E333-8FDC-42A3-9474-1A3956D46DE8}") = "Task1", "Task1", "{0A2BF799-8AF9-453C-BA98-AAF10E300528}"
EndProject
Project("{9A19103F-16F7-4668-BE54-9A1E7A4F7556}") = "Tyuiu.BabaiKV.Sprint6.Task1.V20.Lib", "Tyuiu.BabaiKV.Sprint6.Task1.V20.Lib\Tyuiu.BabaiKV.Sprint6.Task1.V20.Lib.csproj", "{05C003BC-7E4B-44FE-B6B2-C755F9F7F63C}"
EndProject
Project("{9A19103F-16F7-4668-BE54-9A1E7A4F7556}") = "Tyuiu.BabaiKV.Sprint6.Task1.V20.Test", "Tyuiu.BabaiKV.Sprint6.Task1.V20.Test\Tyuiu.BabaiKV.Sprint6.Task1.V20.Test.csproj", "{7530DEB9-74D2-44DD-994A-979D9BC9A11F}"
EndProject
Project("{9A19103F-16F7-4668-BE54-9A1E7A4F7556}") = "Tyuiu.BabaiKV.Sprint6.Task1.V20", "Tyuiu.BabaiKV.Sprint6.Task1.V20\Tyuiu.BabaiKV.Sprint6.Task1.V20.csproj", "{50B7D15A-6896-4D96-96E9-09D0421FA58D}"
EndProject
Project("{2150E333-8FDC-42A3-9474-1A3956D46DE8}") = "Task2", "Task2", "{E5A16485-61BA-4575-8DE4-4CDDE31E1CD9}"
EndProject
Project("{9A19103F-16F7-4668-BE54-9A1E7A4F7556}") = "Tyuiu.BabaiKV.Sprint6.Task2.V13.Lib", "Tyuiu.BabaiKV.Sprint6.Task2.V13.Lib\Tyuiu.BabaiKV.Sprint6.Task2.V13.Lib.csproj", "{7F34DE13-DB22-407C-B419-CBE2DEA625D3}"
EndProject
Project("{9A19103F-16F7-4668-BE54-9A1E7A4F7556}") = "Tyuiu.BabaiKV.Sprint6.Task2.V13.Test", "Tyuiu.BabaiKV.Sprint6.Task2.V13.Test\Tyuiu.BabaiKV.Sprint6.Task2.V13.Test.csproj", "{F8547AB5-F9E3-4427-B96D-DE94E0C5C6E5}"
EndProject
Project("{9A19103F-16F7-4668-BE54-9A1E7A4F7556}") = "Tyuiu.BabaiKV.Sprint6.Task2.V13", "Tyuiu.BabaiKV.Sprint6.Task2.V13\Tyuiu.BabaiKV.Sprint6.Task2.V13.csproj", "{8035AE47-8485-4B1A-A31C-057483A2385F}"
EndProject
Project("{2150E333-8FDC-42A3-9474-1A3956D46DE8}") = "Task3", "Task3", "{2861BB67-91D3-4C8F-9A50-B0F8CC5CAC92}"
EndProject
Project("{9A19103F-16F7-4668-BE54-9A1E7A4F7556}") = "Tyuiu.BabaiKV.Sprint6.Task3.V20.Lib", "Tyuiu.BabaiKV.Sprint6.Task3.V20.Lib\Tyuiu.BabaiKV.Sprint6.Task3.V20.Lib.csproj", "{C2F748C1-8AA1-46E4-92FC-D6B7F06FDBC6}"
EndProject
Project("{9A19103F-16F7-4668-BE54-9A1E7A4F7556}") = "Tyuiu.BabaiKV.Sprint6.Task3.V20", "Tyuiu.BabaiKV.Sprint6.Task3.V20\Tyuiu.BabaiKV.Sprint6.Task3.V20.csproj", "{90DE686E-2F42-4353-BF44-6C7CD822F0C6}"
EndProject
Project("{9A19103F-16F7-4668-BE54-9A1E7A4F7556}") = "Tyuiu.BabaiKV.Sprint6.Task3.V20.Test", "Tyuiu.BabaiKV.Sprint6.Task3.V20.Test\Tyuiu.BabaiKV.Sprint6.Task3.V20.Test.csproj", "{B51965E6-113E-4165-A642-E9888AFF0037}"
EndProject
Project("{2150E333-8FDC-42A3-9474-1A3956D46DE8}") = "Task5", "Task5", "{5E4F70D8-8031-4073-AD27-F804D7FE36E5}"
EndProject
Project("{9A19103F-16F7-4668-BE54-9A1E7A4F7556}") = "Tyuiu.BabaiKV.Sprint6.Task5.V15.Lib", "Tyuiu.BabaiKV.Sprint6.Task5.V15.Lib\Tyuiu.BabaiKV.Sprint6.Task5.V15.Lib.csproj", "{A059A1AF-9DFC-4ED1-A0EF-64E62D1A8369}"
EndProject
Project("{9A19103F-16F7-4668-BE54-9A1E7A4F7556}") = "Tyuiu.BabaiKV.Sprint6.Task5.V15.Test", "Tyuiu.BabaiKV.Sprint6.Task5.V15.Test\Tyuiu.BabaiKV.Sprint6.Task5.V15.Test.csproj", "{732F2CBC-AB59-41B9-8975-824AFFD57345}"
EndProject
Project("{9A19103F-16F7-4668-BE54-9A1E7A4F7556}") = "Tyuiu.BabaiKV.Sprint6.Task5.V15", "Tyuiu.BabaiKV.Sprint6.Task5.V15\Tyuiu.BabaiKV.Sprint6.Task5.V15.csproj", "{A9E08B01-166C-42B6-A371-6847628967BC}"
EndProject
Project("{2150E333-8FDC-42A3-9474-1A3956D46DE8}") = "Task6", "Task6", "{836E4E20-29AB-4C50-B523-537B9C07D909}"
EndProject
Project("{9A19103F-16F7-4668-BE54-9A1E7A4F7556}") = "Tyuiu.BabaiKV.Sprint6.Task6.V15.Test", "Tyuiu.BabaiKV.Sprint6.Task6.V15.Test\Tyuiu.BabaiKV.Sprint6.Task6.V15.Test.csproj", "{0BA08EB0-38D3-44C8-B2EE-182CFF0DC560}"
EndProject
Project("{9A19103F-16F7-4668-BE54-9A1E7A4F7556}") = "Tyuiu.BabaiKV.Sprint6.Task6.V15.Lib", "Tyuiu.BabaiKV.Sprint6.Task6.V15.Lib\Tyuiu.BabaiKV.Sprint6.Task6.V15.Lib.csproj", "{6B9B357E-0FB7-4C4B-A5F3-8702A7C59D8C}"
EndProject
Project("{9A19103F-16F7-4668-BE54-9A1E7A4F7556}") = "Tyuiu.BabaiKV.Sprint6.Task6.V15", "Tyuiu.BabaiKV.Sprint6.Task6.V15\Tyuiu.BabaiKV.Sprint6.Task6.V15.csproj", "{CCA397E2-0A3F-4CCF-A195-40562985EAE6}"
EndProject
Project("{2150E333-8FDC-42A3-9474-1A3956D46DE8}") = "Task7", "Task7", "{48EDCEFA-44C9-4FFA-9C11-4C84D7003733}"
EndProject
Project("{FAE04EC0-301F-11D3-BF4B-00C04F79EFBC}") = "Tyuiu.BabaiKV.Sprint6.Task7.V4.Lib", "Tyuiu.BabaiKV.Sprint6.Task7.V4.Lib\Tyuiu.BabaiKV.Sprint6.Task7.V4.Lib.csproj", "{1842E823-6386-45AE-BD86-8881066E2A76}"
EndProject
Project("{FAE04EC0-301F-11D3-BF4B-00C04F79EFBC}") = "Tyuiu.BabaiKV.Sprint6.Task7.V4.Test", "Tyuiu.BabaiKV.Sprint6.Task7.V4.Test\Tyuiu.BabaiKV.Sprint6.Task7.V4.Test.csproj", "{D4E19560-5714-40E2-B6BB-32DC22068035}"
EndProject
Project("{FAE04EC0-301F-11D3-BF4B-00C04F79EFBC}") = "Tyuiu.BabaiKV.Sprint6.Task7.V4", "Tyuiu.BabaiKV.Sprint6.Task7.V4\Tyuiu.BabaiKV.Sprint6.Task7.V4.csproj", "{49636397-AF6E-4A23-8930-1334ECB1F92D}"
EndProject
Global
	GlobalSection(SolutionConfigurationPlatforms) = preSolution
		Debug|Any CPU = Debug|Any CPU
		Release|Any CPU = Release|Any CPU
	EndGlobalSection
	GlobalSection(ProjectConfigurationPlatforms) = postSolution
		{5B3580E6-8304-43B2-AE5E-B138177F2753}.Debug|Any CPU.ActiveCfg = Debug|Any CPU
		{5B3580E6-8304-43B2-AE5E-B138177F2753}.Debug|Any CPU.Build.0 = Debug|Any CPU
		{5B3580E6-8304-43B2-AE5E-B138177F2753}.Release|Any CPU.ActiveCfg = Release|Any CPU
		{5B3580E6-8304-43B2-AE5E-B138177F2753}.Release|Any CPU.Build.0 = Release|Any CPU
		{D7EA7219-D13E-414C-B394-7CC7EAE8CCB9}.Debug|Any CPU.ActiveCfg = Debug|Any CPU
		{D7EA7219-D13E-414C-B394-7CC7EAE8CCB9}.Debug|Any CPU.Build.0 = Debug|Any CPU
		{D7EA7219-D13E-414C-B394-7CC7EAE8CCB9}.Release|Any CPU.ActiveCfg = Release|Any CPU
		{D7EA7219-D13E-414C-B394-7CC7EAE8CCB9}.Release|Any CPU.Build.0 = Release|Any CPU
		{C22BBDC8-F822-4C51-98FE-C8CE7A544A0A}.Debug|Any CPU.ActiveCfg = Debug|Any CPU
		{C22BBDC8-F822-4C51-98FE-C8CE7A544A0A}.Debug|Any CPU.Build.0 = Debug|Any CPU
		{C22BBDC8-F822-4C51-98FE-C8CE7A544A0A}.Release|Any CPU.ActiveCfg = Release|Any CPU
		{C22BBDC8-F822-4C51-98FE-C8CE7A544A0A}.Release|Any CPU.Build.0 = Release|Any CPU
		{05C003BC-7E4B-44FE-B6B2-C755F9F7F63C}.Debug|Any CPU.ActiveCfg = Debug|Any CPU
		{05C003BC-7E4B-44FE-B6B2-C755F9F7F63C}.Debug|Any CPU.Build.0 = Debug|Any CPU
		{05C003BC-7E4B-44FE-B6B2-C755F9F7F63C}.Release|Any CPU.ActiveCfg = Release|Any CPU
		{05C003BC-7E4B-44FE-B6B2-C755F9F7F63C}.Release|Any CPU.Build.0 = Release|Any CPU
		{7530DEB9-74D2-44DD-994A-979D9BC9A11F}.Debug|Any CPU.ActiveCfg = Debug|Any CPU
		{7530DEB9-74D2-44DD-994A-979D9BC9A11F}.Debug|Any CPU.Build.0 = Debug|Any CPU
		{7530DEB9-74D2-44DD-994A-979D9BC9A11F}.Release|Any CPU.ActiveCfg = Release|Any CPU
		{7530DEB9-74D2-44DD-994A-979D9BC9A11F}.Release|Any CPU.Build.0 = Release|Any CPU
		{50B7D15A-6896-4D96-96E9-09D0421FA58D}.Debug|Any CPU.ActiveCfg = Debug|Any CPU
		{50B7D15A-6896-4D96-96E9-09D0421FA58D}.Debug|Any CPU.Build.0 = Debug|Any CPU
		{50B7D15A-6896-4D96-96E9-09D0421FA58D}.Release|Any CPU.ActiveCfg = Release|Any CPU
		{50B7D15A-6896-4D96-96E9-09D0421FA58D}.Release|Any CPU.Build.0 = Release|Any CPU
		{7F34DE13-DB22-407C-B419-CBE2DEA625D3}.Debug|Any CPU.ActiveCfg = Debug|Any CPU
		{7F34DE13-DB22-407C-B419-CBE2DEA625D3}.Debug|Any CPU.Build.0 = Debug|Any CPU
		{7F34DE13-DB22-407C-B419-CBE2DEA625D3}.Release|Any CPU.ActiveCfg = Release|Any CPU
		{7F34DE13-DB22-407C-B419-CBE2DEA625D3}.Release|Any CPU.Build.0 = Release|Any CPU
		{F8547AB5-F9E3-4427-B96D-DE94E0C5C6E5}.Debug|Any CPU.ActiveCfg = Debug|Any CPU
		{F8547AB5-F9E3-4427-B96D-DE94E0C5C6E5}.Debug|Any CPU.Build.0 = Debug|Any CPU
		{F8547AB5-F9E3-4427-B96D-DE94E0C5C6E5}.Release|Any CPU.ActiveCfg = Release|Any CPU
		{F8547AB5-F9E3-4427-B96D-DE94E0C5C6E5}.Release|Any CPU.Build.0 = Release|Any CPU
		{8035AE47-8485-4B1A-A31C-057483A2385F}.Debug|Any CPU.ActiveCfg = Debug|Any CPU
		{8035AE47-8485-4B1A-A31C-057483A2385F}.Debug|Any CPU.Build.0 = Debug|Any CPU
		{8035AE47-8485-4B1A-A31C-057483A2385F}.Release|Any CPU.ActiveCfg = Release|Any CPU
		{8035AE47-8485-4B1A-A31C-057483A2385F}.Release|Any CPU.Build.0 = Release|Any CPU
		{C2F748C1-8AA1-46E4-92FC-D6B7F06FDBC6}.Debug|Any CPU.ActiveCfg = Debug|Any CPU
		{C2F748C1-8AA1-46E4-92FC-D6B7F06FDBC6}.Debug|Any CPU.Build.0 = Debug|Any CPU
		{C2F748C1-8AA1-46E4-92FC-D6B7F06FDBC6}.Release|Any CPU.ActiveCfg = Release|Any CPU
		{C2F748C1-8AA1-46E4-92FC-D6B7F06FDBC6}.Release|Any CPU.Build.0 = Release|Any CPU
		{90DE686E-2F42-4353-BF44-6C7CD822F0C6}.Debug|Any CPU.ActiveCfg = Debug|Any CPU
		{90DE686E-2F42-4353-BF44-6C7CD822F0C6}.Debug|Any CPU.Build.0 = Debug|Any CPU
		{90DE686E-2F42-4353-BF44-6C7CD822F0C6}.Release|Any CPU.ActiveCfg = Release|Any CPU
		{90DE686E-2F42-4353-BF44-6C7CD822F0C6}.Release|Any CPU.Build.0 = Release|Any CPU
		{B51965E6-113E-4165-A642-E9888AFF0037}.Debug|Any CPU.ActiveCfg = Debug|Any CPU
		{B51965E6-113E-4165-A642-E9888AFF0037}.Debug|Any CPU.Build.0 = Debug|Any CPU
		{B51965E6-113E-4165-A642-E9888AFF0037}.Release|Any CPU.ActiveCfg = Release|Any CPU
		{B51965E6-113E-4165-A642-E9888AFF0037}.Release|Any CPU.Build.0 = Release|Any CPU
		{A059A1AF-9DFC-4ED1-A0EF-64E62D1A8369}.Debug|Any CPU.ActiveCfg = Debug|Any CPU
		{A059A1AF-9DFC-4ED1-A0EF-64E62D1A8369}.Debug|Any CPU.Build.0 = Debug|Any CPU
		{A059A1AF-9DFC-4ED1-A0EF-64E62D1A8369}.Release|Any CPU.ActiveCfg = Release|Any CPU
		{A059A1AF-9DFC-4ED1-A0EF-64E62D1A8369}.Release|Any CPU.Build.0 = Release|Any CPU
		{732F2CBC-AB59-41B9-8975-824AFFD57345}.Debug|Any CPU.ActiveCfg = Debug|Any CPU
		{732F2CBC-AB59-41B9-8975-824AFFD57345}.Debug|Any CPU.Build.0 = Debug|Any CPU
		{732F2CBC-AB59-41B9-8975-824AFFD57345}.Release|Any CPU.ActiveCfg = Release|Any CPU
		{732F2CBC-AB59-41B9-8975-824AFFD57345}.Release|Any CPU.Build.0 = Release|Any CPU
		{A9E08B01-166C-42B6-A371-6847628967BC}.Debug|Any CPU.ActiveCfg = Debug|Any CPU
		{A9E08B01-166C-42B6-A371-6847628967BC}.Debug|Any CPU.Build.0 = Debug|Any CPU
		{A9E08B01-166C-42B6-A371-6847628967BC}.Release|Any CPU.ActiveCfg = Release|Any CPU
		{A9E08B01-166C-42B6-A371-6847628967BC}.Release|Any CPU.Build.0 = Release|Any CPU
		{0BA08EB0-38D3-44C8-B2EE-182CFF0DC560}.Debug|Any CPU.ActiveCfg = Debug|Any CPU
		{0BA08EB0-38D3-44C8-B2EE-182CFF0DC560}.Debug|Any CPU.Build.0 = Debug|Any CPU
		{0BA08EB0-38D3-44C8-B2EE-182CFF0DC560}.Release|Any CPU.ActiveCfg = Release|Any CPU
		{0BA08EB0-38D3-44C8-B2EE-182CFF0DC560}.Release|Any CPU.Build.0 = Release|Any CPU
		{6B9B357E-0FB7-4C4B-A5F3-8702A7C59D8C}.Debug|Any CPU.ActiveCfg = Debug|Any CPU
		{6B9B357E-0FB7-4C4B-A5F3-8702A7C59D8C}.Debug|Any CPU.Build.0 = Debug|Any CPU
		{6B9B357E-0FB7-4C4B-A5F3-8702A7C59D8C}.Release|Any CPU.ActiveCfg = Release|Any CPU
		{6B9B357E-0FB7-4C4B-A5F3-8702A7C59D8C}.Release|Any CPU.Build.0 = Release|Any CPU
		{CCA397E2-0A3F-4CCF-A195-40562985EAE6}.Debug|Any CPU.ActiveCfg = Debug|Any CPU
		{CCA397E2-0A3F-4CCF-A195-40562985EAE6}.Debug|Any CPU.Build.0 = Debug|Any CPU
		{CCA397E2-0A3F-4CCF-A195-40562985EAE6}.Release|Any CPU.ActiveCfg = Release|Any CPU
		{CCA397E2-0A3F-4CCF-A195-40562985EAE6}.Release|Any CPU.Build.0 = Release|Any CPU
		{1842E823-6386-45AE-BD86-8881066E2A76}.Debug|Any CPU.ActiveCfg = Debug|Any CPU
		{1842E823-6386-45AE-BD86-8881066E2A76}.Debug|Any CPU.Build.0 = Debug|Any CPU
		{1842E823-6386-45AE-BD86-8881066E2A76}.Release|Any CPU.ActiveCfg = Release|Any CPU
		{1842E823-6386-45AE-BD86-8881066E2A76}.Release|Any CPU.Build.0 = Release|Any CPU
		{D4E19560-5714-40E2-B6BB-32DC22068035}.Debug|Any CPU.ActiveCfg = Debug|Any CPU
		{D4E19560-5714-40E2-B6BB-32DC22068035}.Debug|Any CPU.Build.0 = Debug|Any CPU
		{D4E19560-5714-40E2-B6BB-32DC22068035}.Release|Any CPU.ActiveCfg = Release|Any CPU
		{D4E19560-5714-40E2-B6BB-32DC22068035}.Release|Any CPU.Build.0 = Release|Any CPU
		{49636397-AF6E-4A23-8930-1334ECB1F92D}.Debug|Any CPU.ActiveCfg = Debug|Any CPU
		{49636397-AF6E-4A23-8930-1334ECB1F92D}.Debug|Any CPU.Build.0 = Debug|Any CPU
		{49636397-AF6E-4A23-8930-1334ECB1F92D}.Release|Any CPU.ActiveCfg = Release|Any CPU
		{49636397-AF6E-4A23-8930-1334ECB1F92D}.Release|Any CPU.Build.0 = Release|Any CPU
	EndGlobalSection
	GlobalSection(SolutionProperties) = preSolution
		HideSolutionNode = FALSE
	EndGlobalSection
	GlobalSection(NestedProjects) = preSolution
		{5B3580E6-8304-43B2-AE5E-B138177F2753} = {0D4DD8A2-22A8-433A-9C3F-FCD258A791B8}
		{D7EA7219-D13E-414C-B394-7CC7EAE8CCB9} = {0D4DD8A2-22A8-433A-9C3F-FCD258A791B8}
		{C22BBDC8-F822-4C51-98FE-C8CE7A544A0A} = {0D4DD8A2-22A8-433A-9C3F-FCD258A791B8}
		{05C003BC-7E4B-44FE-B6B2-C755F9F7F63C} = {0A2BF799-8AF9-453C-BA98-AAF10E300528}
		{7530DEB9-74D2-44DD-994A-979D9BC9A11F} = {0A2BF799-8AF9-453C-BA98-AAF10E300528}
		{50B7D15A-6896-4D96-96E9-09D0421FA58D} = {0A2BF799-8AF9-453C-BA98-AAF10E300528}
		{7F34DE13-DB22-407C-B419-CBE2DEA625D3} = {E5A16485-61BA-4575-8DE4-4CDDE31E1CD9}
		{F8547AB5-F9E3-4427-B96D-DE94E0C5C6E5} = {E5A16485-61BA-4575-8DE4-4CDDE31E1CD9}
		{8035AE47-8485-4B1A-A31C-057483A2385F} = {E5A16485-61BA-4575-8DE4-4CDDE31E1CD9}
		{C2F748C1-8AA1-46E4-92FC-D6B7F06FDBC6} = {2861BB67-91D3-4C8F-9A50-B0F8CC5CAC92}
		{90DE686E-2F42-4353-BF44-6C7CD822F0C6} = {2861BB67-91D3-4C8F-9A50-B0F8CC5CAC92}
		{B51965E6-113E-4165-A642-E9888AFF0037} = {2861BB67-91D3-4C8F-9A50-B0F8CC5CAC92}
		{A059A1AF-9DFC-4ED1-A0EF-64E62D1A8369} = {5E4F70D8-8031-4073-AD27-F804D7FE36E5}
		{732F2CBC-AB59-41B9-8975-824AFFD57345} = {5E4F70D8-8031-4073-AD27-F804D7FE36E5}
		{A9E08B01-166C-42B6-A371-6847628967BC} = {5E4F70D8-8031-4073-AD27-F804D7FE36E5}
		{0BA08EB0-38D3-44C8-B2EE-182CFF0DC560} = {836E4E20-29AB-4C50-B523-537B9C07D909}
		{6B9B357E-0FB7-4C4B-A5F3-8702A7C59D8C} = {836E4E20-29AB-4C50-B523-537B9C07D909}
		{CCA397E2-0A3F-4CCF-A195-40562985EAE6} = {836E4E20-29AB-4C50-B523-537B9C07D909}
		{1842E823-6386-45AE-BD86-8881066E2A76} = {48EDCEFA-44C9-4FFA-9C11-4C84D7003733}
		{D4E19560-5714-40E2-B6BB-32DC22068035} = {48EDCEFA-44C9-4FFA-9C11-4C84D7003733}
		{49636397-AF6E-4A23-8930-1334ECB1F92D} = {48EDCEFA-44C9-4FFA-9C11-4C84D7003733}
	EndGlobalSection
	GlobalSection(ExtensibilityGlobals) = postSolution
		SolutionGuid = {22F53D89-A98A-431D-88A0-D5AB2105E419}
	EndGlobalSection
EndGlobal
